
Microsoft Visual Studio Solution File, Format Version 12.00
# Visual Studio Version 16
VisualStudioVersion = 16.0.31313.79
MinimumVisualStudioVersion = 10.0.40219.1
Project("{FAE04EC0-301F-11D3-BF4B-00C04F79EFBC}") = "DiscordInjectionsRemover", "DiscordInjectionsRemover\DiscordInjectionsRemover.csproj", "{E2F6288A-B1F6-493C-9CDE-3B1DD1D0F45D}"
EndProject
Global
	GlobalSection(SolutionConfigurationPlatforms) = preSolution
		Debug|Any CPU = Debug|Any CPU
		Release|Any CPU = Release|Any CPU
	EndGlobalSection
	GlobalSection(ProjectConfigurationPlatforms) = postSolution
		{E2F6288A-B1F6-493C-9CDE-3B1DD1D0F45D}.Debug|Any CPU.ActiveCfg = Debug|Any CPU
		{E2F6288A-B1F6-493C-9CDE-3B1DD1D0F45D}.Debug|Any CPU.Build.0 = Debug|Any CPU
		{E2F6288A-B1F6-493C-9CDE-3B1DD1D0F45D}.Release|Any CPU.ActiveCfg = Release|Any CPU
		{E2F6288A-B1F6-493C-9CDE-3B1DD1D0F45D}.Release|Any CPU.Build.0 = Release|Any CPU
	EndGlobalSection
	GlobalSection(SolutionProperties) = preSolution
		HideSolutionNode = FALSE
	EndGlobalSection
	GlobalSection(ExtensibilityGlobals) = postSolution
		SolutionGuid = {41E6F1AF-7690-419C-8A7A-4F3CDC291C04}
	EndGlobalSection
EndGlobal
